
Microsoft Visual Studio Solution File, Format Version 12.00
# Visual Studio 14
VisualStudioVersion = 14.0.25420.1
MinimumVisualStudioVersion = 10.0.40219.1
Project("{2150E333-8FDC-42A3-9474-1A3956D46DE8}") = "src", "src", "{BAF81AF2-0718-4890-B883-FA09AB478059}"
EndProject
Project("{2150E333-8FDC-42A3-9474-1A3956D46DE8}") = "Solution Items", "Solution Items", "{F3F1BDB3-F1F6-4425-83E1-5B6C96355726}"
	ProjectSection(SolutionItems) = preProject
		global.json = global.json
	EndProjectSection
EndProject
Project("{2150E333-8FDC-42A3-9474-1A3956D46DE8}") = "Base", "Base", "{6B083BF5-F5E2-4B28-9C31-ED6B92542F86}"
EndProject
Project("{2150E333-8FDC-42A3-9474-1A3956D46DE8}") = "Common", "Common", "{D84499B5-1A19-4F45-9C38-9671B9DFC412}"
EndProject
Project("{2150E333-8FDC-42A3-9474-1A3956D46DE8}") = "TicketService", "TicketService", "{F721C5B4-3245-4AE0-A7A4-7BB9C31FCF69}"
EndProject
Project("{2150E333-8FDC-42A3-9474-1A3956D46DE8}") = "SecurityService", "SecurityService", "{D0937C65-B88E-448E-8ADC-E5644AADA709}"
EndProject
Project("{8BB2217D-0F2D-49D1-97BC-3654ED321F3B}") = "Ticket.Base", "Base\Ticket.Base\Ticket.Base.xproj", "{B91943BF-150E-447A-B479-A0F7E2B08B69}"
EndProject
Project("{8BB2217D-0F2D-49D1-97BC-3654ED321F3B}") = "Ticket.API.Common", "Common\Ticket.API.Common\Ticket.API.Common.xproj", "{21F6888D-AD42-4F84-B43A-35EB8A496FC4}"
EndProject
Project("{8BB2217D-0F2D-49D1-97BC-3654ED321F3B}") = "Ticket.BusinessLogic.Common", "Common\Ticket.BusinessLogic.Common\Ticket.BusinessLogic.Common.xproj", "{B77DED95-447A-4B6E-8BA9-C60C0AF2CC5C}"
EndProject
Project("{8BB2217D-0F2D-49D1-97BC-3654ED321F3B}") = "Ticket.DataAccess.Common", "Common\Ticket.DataAccess.Common\Ticket.DataAccess.Common.xproj", "{87386081-7E50-4E9F-90DA-F7BC4C9543B6}"
EndProject
Project("{8BB2217D-0F2D-49D1-97BC-3654ED321F3B}") = "Ticket.API.SecurityService", "SecurityService\Ticket.API.SecurityService\Ticket.API.SecurityService.xproj", "{3FC12994-3188-46EC-848C-3EB4CD882A0F}"
EndProject
Project("{8BB2217D-0F2D-49D1-97BC-3654ED321F3B}") = "Ticket.BusinessLogic.Security", "SecurityService\Ticket.BusinessLogic.Security\Ticket.BusinessLogic.Security.xproj", "{4BBC0076-8676-40E6-922F-E5AF13272965}"
EndProject
Project("{8BB2217D-0F2D-49D1-97BC-3654ED321F3B}") = "Ticket.DataAccess.Security", "SecurityService\Ticket.DataAccess.Security\Ticket.DataAccess.Security.xproj", "{A31D1A3E-94D8-4387-B9DF-6FAEA940CDC4}"
EndProject
Project("{8BB2217D-0F2D-49D1-97BC-3654ED321F3B}") = "Ticket.UnitTests", "SecurityService\Ticket.UnitTests\Ticket.UnitTests.xproj", "{FDC3C8DC-5653-40AF-8278-728EEEFC62C8}"
EndProject
Project("{8BB2217D-0F2D-49D1-97BC-3654ED321F3B}") = "Ticket.API.TicketService", "TicketService\Ticket.API.TicketService\Ticket.API.TicketService.xproj", "{52972804-DACB-45E1-B8B1-568D4B4AB0A7}"
EndProject
Project("{8BB2217D-0F2D-49D1-97BC-3654ED321F3B}") = "Ticket.BusinessLogic.TicketService", "TicketService\Ticket.BusinessLogic.TicketService\Ticket.BusinessLogic.TicketService.xproj", "{9B3FDE27-B726-40BE-8608-E53C36B82D19}"
EndProject
Project("{8BB2217D-0F2D-49D1-97BC-3654ED321F3B}") = "Ticket.DataAccess.TicketService", "TicketService\Ticket.DataAccess.TicketService\Ticket.DataAccess.TicketService.xproj", "{DC6C0434-4E70-41B5-8FE0-26E4A1EE3976}"
EndProject
Global
	GlobalSection(SolutionConfigurationPlatforms) = preSolution
		Debug|Any CPU = Debug|Any CPU
		Release|Any CPU = Release|Any CPU
	EndGlobalSection
	GlobalSection(ProjectConfigurationPlatforms) = postSolution
		{B91943BF-150E-447A-B479-A0F7E2B08B69}.Debug|Any CPU.ActiveCfg = Debug|Any CPU
		{B91943BF-150E-447A-B479-A0F7E2B08B69}.Debug|Any CPU.Build.0 = Debug|Any CPU
		{B91943BF-150E-447A-B479-A0F7E2B08B69}.Release|Any CPU.ActiveCfg = Release|Any CPU
		{B91943BF-150E-447A-B479-A0F7E2B08B69}.Release|Any CPU.Build.0 = Release|Any CPU
		{21F6888D-AD42-4F84-B43A-35EB8A496FC4}.Debug|Any CPU.ActiveCfg = Debug|Any CPU
		{21F6888D-AD42-4F84-B43A-35EB8A496FC4}.Debug|Any CPU.Build.0 = Debug|Any CPU
		{21F6888D-AD42-4F84-B43A-35EB8A496FC4}.Release|Any CPU.ActiveCfg = Release|Any CPU
		{21F6888D-AD42-4F84-B43A-35EB8A496FC4}.Release|Any CPU.Build.0 = Release|Any CPU
		{B77DED95-447A-4B6E-8BA9-C60C0AF2CC5C}.Debug|Any CPU.ActiveCfg = Debug|Any CPU
		{B77DED95-447A-4B6E-8BA9-C60C0AF2CC5C}.Debug|Any CPU.Build.0 = Debug|Any CPU
		{B77DED95-447A-4B6E-8BA9-C60C0AF2CC5C}.Release|Any CPU.ActiveCfg = Release|Any CPU
		{B77DED95-447A-4B6E-8BA9-C60C0AF2CC5C}.Release|Any CPU.Build.0 = Release|Any CPU
		{87386081-7E50-4E9F-90DA-F7BC4C9543B6}.Debug|Any CPU.ActiveCfg = Debug|Any CPU
		{87386081-7E50-4E9F-90DA-F7BC4C9543B6}.Debug|Any CPU.Build.0 = Debug|Any CPU
		{87386081-7E50-4E9F-90DA-F7BC4C9543B6}.Release|Any CPU.ActiveCfg = Release|Any CPU
		{87386081-7E50-4E9F-90DA-F7BC4C9543B6}.Release|Any CPU.Build.0 = Release|Any CPU
		{3FC12994-3188-46EC-848C-3EB4CD882A0F}.Debug|Any CPU.ActiveCfg = Debug|Any CPU
		{3FC12994-3188-46EC-848C-3EB4CD882A0F}.Debug|Any CPU.Build.0 = Debug|Any CPU
		{3FC12994-3188-46EC-848C-3EB4CD882A0F}.Release|Any CPU.ActiveCfg = Release|Any CPU
		{3FC12994-3188-46EC-848C-3EB4CD882A0F}.Release|Any CPU.Build.0 = Release|Any CPU
		{4BBC0076-8676-40E6-922F-E5AF13272965}.Debug|Any CPU.ActiveCfg = Debug|Any CPU
		{4BBC0076-8676-40E6-922F-E5AF13272965}.Debug|Any CPU.Build.0 = Debug|Any CPU
		{4BBC0076-8676-40E6-922F-E5AF13272965}.Release|Any CPU.ActiveCfg = Release|Any CPU
		{4BBC0076-8676-40E6-922F-E5AF13272965}.Release|Any CPU.Build.0 = Release|Any CPU
		{A31D1A3E-94D8-4387-B9DF-6FAEA940CDC4}.Debug|Any CPU.ActiveCfg = Debug|Any CPU
		{A31D1A3E-94D8-4387-B9DF-6FAEA940CDC4}.Debug|Any CPU.Build.0 = Debug|Any CPU
		{A31D1A3E-94D8-4387-B9DF-6FAEA940CDC4}.Release|Any CPU.ActiveCfg = Release|Any CPU
		{A31D1A3E-94D8-4387-B9DF-6FAEA940CDC4}.Release|Any CPU.Build.0 = Release|Any CPU
		{FDC3C8DC-5653-40AF-8278-728EEEFC62C8}.Debug|Any CPU.ActiveCfg = Debug|Any CPU
		{FDC3C8DC-5653-40AF-8278-728EEEFC62C8}.Debug|Any CPU.Build.0 = Debug|Any CPU
		{FDC3C8DC-5653-40AF-8278-728EEEFC62C8}.Release|Any CPU.ActiveCfg = Release|Any CPU
		{FDC3C8DC-5653-40AF-8278-728EEEFC62C8}.Release|Any CPU.Build.0 = Release|Any CPU
		{52972804-DACB-45E1-B8B1-568D4B4AB0A7}.Debug|Any CPU.ActiveCfg = Debug|Any CPU
		{52972804-DACB-45E1-B8B1-568D4B4AB0A7}.Debug|Any CPU.Build.0 = Debug|Any CPU
		{52972804-DACB-45E1-B8B1-568D4B4AB0A7}.Release|Any CPU.ActiveCfg = Release|Any CPU
		{52972804-DACB-45E1-B8B1-568D4B4AB0A7}.Release|Any CPU.Build.0 = Release|Any CPU
		{9B3FDE27-B726-40BE-8608-E53C36B82D19}.Debug|Any CPU.ActiveCfg = Debug|Any CPU
		{9B3FDE27-B726-40BE-8608-E53C36B82D19}.Debug|Any CPU.Build.0 = Debug|Any CPU
		{9B3FDE27-B726-40BE-8608-E53C36B82D19}.Release|Any CPU.ActiveCfg = Release|Any CPU
		{9B3FDE27-B726-40BE-8608-E53C36B82D19}.Release|Any CPU.Build.0 = Release|Any CPU
		{DC6C0434-4E70-41B5-8FE0-26E4A1EE3976}.Debug|Any CPU.ActiveCfg = Debug|Any CPU
		{DC6C0434-4E70-41B5-8FE0-26E4A1EE3976}.Debug|Any CPU.Build.0 = Debug|Any CPU
		{DC6C0434-4E70-41B5-8FE0-26E4A1EE3976}.Release|Any CPU.ActiveCfg = Release|Any CPU
		{DC6C0434-4E70-41B5-8FE0-26E4A1EE3976}.Release|Any CPU.Build.0 = Release|Any CPU
	EndGlobalSection
	GlobalSection(SolutionProperties) = preSolution
		HideSolutionNode = FALSE
	EndGlobalSection
	GlobalSection(NestedProjects) = preSolution
		{6B083BF5-F5E2-4B28-9C31-ED6B92542F86} = {BAF81AF2-0718-4890-B883-FA09AB478059}
		{D84499B5-1A19-4F45-9C38-9671B9DFC412} = {BAF81AF2-0718-4890-B883-FA09AB478059}
		{F721C5B4-3245-4AE0-A7A4-7BB9C31FCF69} = {BAF81AF2-0718-4890-B883-FA09AB478059}
		{D0937C65-B88E-448E-8ADC-E5644AADA709} = {BAF81AF2-0718-4890-B883-FA09AB478059}
		{B91943BF-150E-447A-B479-A0F7E2B08B69} = {6B083BF5-F5E2-4B28-9C31-ED6B92542F86}
		{21F6888D-AD42-4F84-B43A-35EB8A496FC4} = {D84499B5-1A19-4F45-9C38-9671B9DFC412}
		{B77DED95-447A-4B6E-8BA9-C60C0AF2CC5C} = {D84499B5-1A19-4F45-9C38-9671B9DFC412}
		{87386081-7E50-4E9F-90DA-F7BC4C9543B6} = {D84499B5-1A19-4F45-9C38-9671B9DFC412}
		{3FC12994-3188-46EC-848C-3EB4CD882A0F} = {D0937C65-B88E-448E-8ADC-E5644AADA709}
		{4BBC0076-8676-40E6-922F-E5AF13272965} = {D0937C65-B88E-448E-8ADC-E5644AADA709}
		{A31D1A3E-94D8-4387-B9DF-6FAEA940CDC4} = {D0937C65-B88E-448E-8ADC-E5644AADA709}
		{FDC3C8DC-5653-40AF-8278-728EEEFC62C8} = {D0937C65-B88E-448E-8ADC-E5644AADA709}
		{52972804-DACB-45E1-B8B1-568D4B4AB0A7} = {F721C5B4-3245-4AE0-A7A4-7BB9C31FCF69}
		{9B3FDE27-B726-40BE-8608-E53C36B82D19} = {F721C5B4-3245-4AE0-A7A4-7BB9C31FCF69}
		{DC6C0434-4E70-41B5-8FE0-26E4A1EE3976} = {F721C5B4-3245-4AE0-A7A4-7BB9C31FCF69}
	EndGlobalSection
EndGlobal
